<?xml version="1.0" encoding="utf-8"?>
<Project ToolsVersion="4.0" xmlns="http://schemas.microsoft.com/developer/msbuild/2003">
  <ItemGroup>
    <Filter Include="源文件">
      <UniqueIdentifier>{4FC737F1-C7A5-4376-A066-2A32D752A2FF}</UniqueIdentifier>
      <Extensions>cpp;c;cc;cxx;def;odl;idl;hpj;bat;asm;asmx</Extensions>
    </Filter>
    <Filter Include="头文件">
      <UniqueIdentifier>{93995380-89BD-4b04-88EB-625FBE52EBFB}</UniqueIdentifier>
      <Extensions>h;hh;hpp;hxx;hm;inl;inc;xsd</Extensions>
    </Filter>
    <Filter Include="资源文件">
      <UniqueIdentifier>{67DA6AB6-F800-4c08-8B7A-83BB121AAD01}</UniqueIdentifier>
      <Extensions>rc;ico;cur;bmp;dlg;rc2;rct;bin;rgs;gif;jpg;jpeg;jpe;resx;tiff;tif;png;wav;mfcribbon-ms</Extensions>
    </Filter>
    <Filter Include="头文件\Part1">
      <UniqueIdentifier>{d79cea3c-cf80-4d60-a9ea-4e39de3cdac4}</UniqueIdentifier>
    </Filter>
    <Filter Include="源文件\Part1">
      <UniqueIdentifier>{5e05c99c-ad1f-45fa-9d05-ebc0d6101aa1}</UniqueIdentifier>
    </Filter>
    <Filter Include="头文件\Part2">
      <UniqueIdentifier>{08f6d318-c9cf-4bbe-b5f1-0278496c1826}</UniqueIdentifier>
    </Filter>
    <Filter Include="源文件\Part2">
      <UniqueIdentifier>{a7db5fe7-a83b-4089-96d4-4923974a9d12}</UniqueIdentifier>
    </Filter>
    <Filter Include="源文件\Part3">
      <UniqueIdentifier>{fd46f071-c86d-49a2-8813-f7d2b70e81ce}</UniqueIdentifier>
    </Filter>
    <Filter Include="源文件\Sort">
      <UniqueIdentifier>{0fdd271c-1828-4dd2-866e-e04adba5ce92}</UniqueIdentifier>
    </Filter>
  </ItemGroup>
  <ItemGroup>
    <Text Include="ReadMe.txt" />
  </ItemGroup>
  <ItemGroup>
    <ClInclude Include="stdafx.h">
      <Filter>头文件</Filter>
    </ClInclude>
    <ClInclude Include="targetver.h">
      <Filter>头文件</Filter>
    </ClInclude>
    <ClInclude Include="Part1\AddTwoNumber.h">
      <Filter>头文件\Part1</Filter>
    </ClInclude>
    <ClInclude Include="Part1\FindMedianSortedArrays.h">
      <Filter>头文件\Part1</Filter>
    </ClInclude>
    <ClInclude Include="Part1\intReverse.h">
      <Filter>头文件\Part1</Filter>
    </ClInclude>
    <ClInclude Include="Part1\IntToRoman.h">
      <Filter>头文件\Part1</Filter>
    </ClInclude>
    <ClInclude Include="Part1\LengthOfLongestSubstring.h">
      <Filter>头文件\Part1</Filter>
    </ClInclude>
    <ClInclude Include="Part1\LongestPalindrome.h">
      <Filter>头文件\Part1</Filter>
    </ClInclude>
    <ClInclude Include="Part1\Palindrome.h">
      <Filter>头文件\Part1</Filter>
    </ClInclude>
    <ClInclude Include="Part1\RegularExpression.h">
      <Filter>头文件\Part1</Filter>
    </ClInclude>
    <ClInclude Include="Part1\StringAtoi.h">
      <Filter>头文件\Part1</Filter>
    </ClInclude>
    <ClInclude Include="Part1\StringReverse.h">
      <Filter>头文件\Part1</Filter>
    </ClInclude>
    <ClInclude Include="Part2\MaxArea.h">
      <Filter>头文件\Part2</Filter>
    </ClInclude>
    <ClInclude Include="Part2\PhoneNumberCombinations.h">
      <Filter>头文件\Part2</Filter>
    </ClInclude>
    <ClInclude Include="Part2\LongestCommonPrefix.h">
      <Filter>头文件\Part2</Filter>
    </ClInclude>
    <ClInclude Include="Part2\ThreeSum.h">
      <Filter>头文件\Part2</Filter>
    </ClInclude>
    <ClInclude Include="Part2\FourSum.h">
      <Filter>头文件\Part2</Filter>
    </ClInclude>
    <ClInclude Include="Part2\RemoveListNodeFromEnd.h">
      <Filter>头文件\Part2</Filter>
    </ClInclude>
    <ClInclude Include="Part2\ValidParentheses.h">
      <Filter>头文件\Part2</Filter>
    </ClInclude>
    <ClInclude Include="Part2\MergeTwoLists.h">
      <Filter>头文件\Part2</Filter>
    </ClInclude>
    <ClInclude Include="Part2\MergeKLists.h">
      <Filter>头文件\Part2</Filter>
    </ClInclude>
    <ClInclude Include="Part2\TwoArrayIntersect.h">
      <Filter>头文件\Part2</Filter>
    </ClInclude>
    <ClInclude Include="Part3\SortList.h">
      <Filter>源文件\Part3</Filter>
    </ClInclude>
    <ClInclude Include="Sort\BubbleSort.h">
      <Filter>源文件\Sort</Filter>
    </ClInclude>
  </ItemGroup>
  <ItemGroup>
    <ClCompile Include="stdafx.cpp">
      <Filter>源文件</Filter>
    </ClCompile>
    <ClCompile Include="LeetCodeProject.cpp">
      <Filter>源文件</Filter>
    </ClCompile>
    <ClCompile Include="Part1\AddTwoNumber.cpp">
      <Filter>源文件\Part1</Filter>
    </ClCompile>
    <ClCompile Include="Part1\FindMedianSortedArrays.cpp">
      <Filter>源文件\Part1</Filter>
    </ClCompile>
    <ClCompile Include="Part1\intReverse.cpp">
      <Filter>源文件\Part1</Filter>
    </ClCompile>
    <ClCompile Include="Part1\IntToRoman.cpp">
      <Filter>源文件\Part1</Filter>
    </ClCompile>
    <ClCompile Include="Part1\LengthOfLongestSubstring.cpp">
      <Filter>源文件\Part1</Filter>
    </ClCompile>
    <ClCompile Include="Part1\LongestPalindrome.cpp">
      <Filter>源文件\Part1</Filter>
    </ClCompile>
    <ClCompile Include="Part1\Palindrome.cpp">
      <Filter>源文件\Part1</Filter>
    </ClCompile>
    <ClCompile Include="Part1\RegularExpression.cpp">
      <Filter>源文件\Part1</Filter>
    </ClCompile>
    <ClCompile Include="Part1\StringAtoi.cpp">
      <Filter>源文件\Part1</Filter>
    </ClCompile>
    <ClCompile Include="Part1\StringReverse.cpp">
      <Filter>源文件\Part1</Filter>
    </ClCompile>
    <ClCompile Include="Part2\MaxArea.cpp">
      <Filter>源文件\Part2</Filter>
    </ClCompile>
    <ClCompile Include="Part2\PhoneNumberCombinations.cpp">
      <Filter>源文件\Part2</Filter>
    </ClCompile>
    <ClCompile Include="Part2\LongestCommonPrefix.cpp">
      <Filter>源文件\Part2</Filter>
    </ClCompile>
    <ClCompile Include="Part2\ThreeSum.cpp">
      <Filter>源文件\Part2</Filter>
    </ClCompile>
    <ClCompile Include="Part2\FourSum.cpp">
      <Filter>源文件\Part2</Filter>
    </ClCompile>
    <ClCompile Include="Part2\RemoveListNodeFromEnd.cpp">
      <Filter>源文件\Part2</Filter>
    </ClCompile>
    <ClCompile Include="Part2\ValidParentheses.cpp">
      <Filter>源文件\Part2</Filter>
    </ClCompile>
    <ClCompile Include="Part2\MergeTwoLists.cpp">
      <Filter>源文件\Part2</Filter>
    </ClCompile>
    <ClCompile Include="Part2\MergeKLists.cpp">
      <Filter>源文件\Part2</Filter>
    </ClCompile>
    <ClCompile Include="Part2\TwoArrayIntersect.cpp">
      <Filter>源文件\Part2</Filter>
    </ClCompile>
    <ClCompile Include="Part3\SortList.cpp">
      <Filter>源文件\Part3</Filter>
    </ClCompile>
    <ClCompile Include="Sort\BubbleSort.cpp">
      <Filter>源文件\Sort</Filter>
    </ClCompile>
  </ItemGroup>
  <ItemGroup>
    <None Include="ClassDiagram.cd" />
  </ItemGroup>
</Project>